#MicroXplorer Configuration settings - do not modify
Mcu.Family=STM32F1
ProjectManager.MainLocation=Core/Src
RCC.MCOFreq_Value=64000000
PB13.GPIOParameters=GPIO_Label
PC7.GPIOParameters=GPIO_Label
ProjectManager.KeepUserCode=true
Mcu.UserName=STM32F103RCTx
ADC2.Channel-0\#ChannelRegularConversion=ADC_CHANNEL_2
SH.ADCx_IN2.0=ADC2_IN2,IN2
PC10.Locked=true
RCC.PLLCLKFreq_Value=64000000
PC10.Signal=GPIO_Output
PB14.GPIO_Label=FLT_OUT
PC5.Locked=true
PC7.Locked=true
PA12.GPIOParameters=GPIO_Label
ProjectManager.functionlistsort=1-MX_GPIO_Init-GPIO-false-HAL-true,2-SystemClock_Config-RCC-false-HAL-false,3-MX_ADC1_Init-ADC1-false-HAL-true,4-MX_ADC2_Init-ADC2-false-HAL-true,5-MX_ADC3_Init-ADC3-false-HAL-true,6-MX_CAN_Init-CAN-false-HAL-true
PA9.GPIOParameters=GPIO_Label
PA11.GPIOParameters=GPIO_Label
PC6.GPIO_Label=SWAP_EN
PC3.Locked=true
PC9.Locked=true
PA3.GPIOParameters=GPIO_Label
RCC.ADCFreqValue=8000000
PA6.GPIO_Label=DCDC_M_CTRL
PB0.GPIO_Label=OC_LATCH_SET
PB6.GPIO_Label=COM_BMS
PC1.Locked=true
PB13.GPIO_Label=ESTOP_5V_IN
PB11.Signal=GPIO_Input
PB13.Signal=GPIO_Input
PB15.Signal=GPIO_Output
ADC3.Channel-0\#ChannelRegularConversion=ADC_CHANNEL_3
PA2.GPIOParameters=GPIO_Label
PinOutPanel.RotationAngle=0
RCC.SYSCLKSource=RCC_SYSCLKSOURCE_PLLCLK
ProjectManager.StackSize=0x400
PB5.GPIOParameters=GPIO_Label
Mcu.IP4=NVIC
Mcu.IP5=RCC
RCC.FCLKCortexFreq_Value=64000000
Mcu.IP2=ADC3
NVIC.SVCall_IRQn=true\:0\:0\:false\:false\:true\:false\:false
Mcu.IP3=CAN
RCC.SDIOHCLKDiv2FreqValue=32000000
PB4.GPIOParameters=GPIO_Label
Mcu.IP0=ADC1
PA12.Locked=true
Mcu.IP1=ADC2
PA12.Signal=GPIO_Output
CAN.Prescaler=16
Mcu.UserConstants=
PC1.GPIOParameters=GPIO_Label
Mcu.ThirdPartyNb=0
RCC.SDIOFreq_Value=64000000
RCC.HCLKFreq_Value=64000000
SH.ADCx_IN3.0=ADC3_IN3,IN3
Mcu.IPNb=7
ProjectManager.PreviousToolchain=
RCC.APB2TimFreq_Value=64000000
PB6.Signal=GPIO_Input
PC7.Signal=GPIO_Output
SH.ADCx_IN3.ConfNb=1
PC3.Signal=GPIO_Output
PA8.GPIOParameters=GPIO_Label
Mcu.Pin6=PA4
Mcu.Pin7=PA5
Mcu.Pin8=PA6
Mcu.Pin9=PA7
RCC.AHBFreq_Value=64000000
PB13.Locked=true
Mcu.Pin0=PC1
Mcu.Pin1=PC2
GPIO.groupedBy=Group By Peripherals
Mcu.Pin2=PC3
Mcu.Pin3=PA1
Mcu.Pin4=PA2
Mcu.Pin5=PA3
ADC1.Channel-0\#ChannelRegularConversion=ADC_CHANNEL_1
ProjectManager.ProjectBuild=false
NVIC.UsageFault_IRQn=true\:0\:0\:false\:false\:true\:false\:false
NVIC.DebugMonitor_IRQn=true\:0\:0\:false\:false\:true\:false\:false
PA8.Locked=true
PA4.Locked=true
SH.ADCx_IN14.ConfNb=1
NVIC.SysTick_IRQn=true\:0\:0\:false\:false\:true\:false\:true
RCC.PLLMUL=RCC_PLL_MUL16
PB12.GPIO_Label=HLIM
ProjectManager.FirmwarePackage=STM32Cube FW_F1 V1.8.3
MxDb.Version=DB.6.0.10
PB0.GPIOParameters=GPIO_Label
PA1.GPIOParameters=GPIO_Label
ProjectManager.BackupPrevious=false
PC4.GPIO_Label=SUPP_SENSE
PA14.Mode=Serial_Wire
SH.ADCx_IN1.ConfNb=1
PC11.GPIO_Label=AMB_CTRL
File.Version=6
PA10.GPIO_Label=NEG_CTRL
ADC3.IPParameters=Rank-0\#ChannelRegularConversion,Channel-0\#ChannelRegularConversion,SamplingTime-0\#ChannelRegularConversion,NbrOfConversionFlag
PB7.Signal=GPIO_Input
PA8.Signal=GPIO_Output
SH.ADCx_IN4.ConfNb=1
PB6.Locked=true
NVIC.PendSV_IRQn=true\:0\:0\:false\:false\:true\:false\:false
PB6.GPIOParameters=GPIO_Label
CAN.CalculateTimeQuantum=500.0
ProjectManager.HalAssertFull=false
PB0.Locked=true
ADC1.SamplingTime-0\#ChannelRegularConversion=ADC_SAMPLETIME_1CYCLE_5
ProjectManager.ProjectName=ecu_firmware
RCC.PLLMCOFreq_Value=32000000
PB7.GPIO_Label=LLIM
PC8.GPIOParameters=GPIO_Label
Mcu.Package=LQFP64
PB9.Signal=CAN_TX
PA6.Signal=GPIO_Output
PA7.Locked=true
PA5.Locked=true
RCC.I2S2Freq_Value=64000000
SH.ADCx_IN14.0=ADC1_IN14,IN14
ProjectManager.ToolChainLocation=
PA2.GPIO_Label=Msense
VP_SYS_VS_Systick.Signal=SYS_VS_Systick
ADC3.Rank-0\#ChannelRegularConversion=1
PA10.Signal=GPIO_Output
ADC2.SamplingTime-0\#ChannelRegularConversion=ADC_SAMPLETIME_1CYCLE_5
PA5.GPIOParameters=GPIO_Label
PB14.GPIOParameters=GPIO_Label
SH.ADCx_IN1.0=ADC1_IN1,IN1
PB5.GPIO_Label=BAL_BMS
RCC.APB1TimFreq_Value=64000000
NVIC.BusFault_IRQn=true\:0\:0\:false\:false\:true\:false\:false
PC4.Locked=true
PC5.Signal=GPIO_Output
PB10.GPIOParameters=GPIO_Label
ADC2.Rank-0\#ChannelRegularConversion=1
PA4.GPIO_Label=LV_SENSE
PC2.GPIO_Label=MDUFAN_CTRL
ProjectManager.CustomerFirmwarePackage=
PC4.GPIOParameters=GPIO_Label
PB15.Locked=true
PB4.Signal=GPIO_Input
PA3.Signal=ADCx_IN3
PA2.Locked=true
PA6.GPIOParameters=GPIO_Label
ProjectManager.ProjectFileName=ecu_firmware.ioc
ADC1.Rank-0\#ChannelRegularConversion=1
PC10.GPIO_Label=DASH_CTRL
Mcu.PinsNb=39
PC9.GPIO_Label=TELEM_CTRL
ProjectManager.NoMain=false
PC11.Locked=true
ADC1.IPParameters=Rank-0\#ChannelRegularConversion,Channel-0\#ChannelRegularConversion,SamplingTime-0\#ChannelRegularConversion,NbrOfConversionFlag,master
CAN.CalculateBaudRate=125000
PA9.GPIO_Label=LLIM_CTRL
PC11.Signal=GPIO_Output
PC8.Signal=GPIO_Output
PC2.Signal=GPIO_Output
PC4.Signal=ADCx_IN14
PC6.Signal=GPIO_Output
PB11.GPIO_Label=OT_OUT
PA11.GPIO_Label=PC_CTRL
ProjectManager.DefaultFWLocation=true
PB12.Locked=true
ProjectManager.DeletePrevious=true
PB14.Locked=true
RCC.APB1CLKDivider=RCC_HCLK_DIV2
PB10.Locked=true
PC11.GPIOParameters=GPIO_Label
CAN.CalculateTimeBit=8000.00
PA12.GPIO_Label=HLIM_CTRL
RCC.FamilyName=M
RCC.I2S3Freq_Value=64000000
RCC.ADCPresc=RCC_ADCPCLK2_DIV8
PC3.GPIOParameters=GPIO_Label
PC8.GPIO_Label=SPAR1_STRL
PA13.Signal=SYS_JTMS-SWDIO
PA11.Locked=true
ADC3.SamplingTime-0\#ChannelRegularConversion=ADC_SAMPLETIME_1CYCLE_5
CAN.BS2=CAN_BS2_3TQ
PA8.GPIO_Label=FAN2_CTRL
CAN.BS1=CAN_BS1_12TQ
ProjectManager.TargetToolchain=Other Toolchains (GPDSC)
PB10.GPIO_Label=GPIO_BMS
PB7.GPIOParameters=GPIO_Label
ADC2.IPParameters=Rank-0\#ChannelRegularConversion,Channel-0\#ChannelRegularConversion,SamplingTime-0\#ChannelRegularConversion,NbrOfConversionFlag
PC5.GPIOParameters=GPIO_Label
PC6.Locked=true
PB9.Mode=CAN_Activate
PA9.Signal=GPIO_Output
PB11.GPIOParameters=GPIO_Label
PB5.Locked=true
PC2.Locked=true
ProjectManager.RegisterCallBack=
RCC.USBFreq_Value=64000000
PA1.Signal=ADCx_IN1
PB10.Signal=GPIO_Input
PB14.Signal=GPIO_Output
PA5.Signal=GPIO_Output
board=custom
ProjectManager.LastFirmware=true
RCC.APB2Freq_Value=64000000
MxCube.Version=6.1.0
PB4.GPIO_Label=FLT_BMS
Mcu.Pin37=PB9
Mcu.Pin38=VP_SYS_VS_Systick
PB15.GPIO_Label=SUPP_LOW
Mcu.Pin35=PB7
Mcu.Pin36=PB8
PC2.GPIOParameters=GPIO_Label
SH.ADCx_IN2.ConfNb=1
Mcu.Pin30=PC10
PA1.GPIO_Label=Bsense
PC1.GPIO_Label=FAN3_CTRL
PA10.GPIOParameters=GPIO_Label
VP_SYS_VS_Systick.Mode=SysTick
Mcu.Pin33=PB5
Mcu.Pin34=PB6
Mcu.Pin31=PC11
SH.ADCx_IN4.0=ADC1_IN4,IN4
Mcu.Pin32=PB4
PA9.Locked=true
NVIC.NonMaskableInt_IRQn=true\:0\:0\:false\:false\:true\:false\:false
PA4.GPIOParameters=GPIO_Label
CAN.IPParameters=CalculateTimeQuantum,CalculateTimeBit,CalculateBaudRate,Prescaler,BS1,BS2
PC10.GPIOParameters=GPIO_Label
PB15.GPIOParameters=GPIO_Label
PA13.Mode=Serial_Wire
ProjectManager.FreePins=false
RCC.IPParameters=ADCFreqValue,ADCPresc,AHBFreq_Value,APB1CLKDivider,APB1Freq_Value,APB1TimFreq_Value,APB2Freq_Value,APB2TimFreq_Value,FCLKCortexFreq_Value,FamilyName,HCLKFreq_Value,I2S2Freq_Value,I2S3Freq_Value,MCOFreq_Value,PLLCLKFreq_Value,PLLMCOFreq_Value,PLLMUL,SDIOFreq_Value,SDIOHCLKDiv2FreqValue,SYSCLKFreq_VALUE,SYSCLKSource,TimSysFreq_Value,USBFreq_Value
PC9.GPIOParameters=GPIO_Label
ProjectManager.AskForMigrate=true
Mcu.Name=STM32F103R(C-D-E)Tx
Mcu.Pin26=PA11
Mcu.Pin27=PA12
PA2.Signal=ADCx_IN2
Mcu.Pin24=PA9
ProjectManager.UnderRoot=false
Mcu.Pin25=PA10
PC7.GPIO_Label=SPAR2_CTRL
Mcu.Pin28=PA13
Mcu.IP6=SYS
Mcu.Pin29=PA14
ProjectManager.CoupleFile=false
PB4.Locked=true
PA4.Signal=ADCx_IN4
RCC.SYSCLKFreq_VALUE=64000000
Mcu.Pin22=PC9
PB5.Signal=GPIO_Input
Mcu.Pin23=PA8
RCC.TimSysFreq_Value=64000000
PA1.Locked=true
PA7.GPIO_Label=FAN1_CTRL
Mcu.Pin20=PC7
ADC1.master=1
PA3.Locked=true
Mcu.Pin21=PC8
PA5.GPIO_Label=DCDC_P_CTRL
PA10.Locked=true
ADC2.NbrOfConversionFlag=1
NVIC.ForceEnableDMAVector=true
KeepUserPlacement=false
PC5.GPIO_Label=LOCKOUT_EN
NVIC.MemoryManagement_IRQn=true\:0\:0\:false\:false\:true\:false\:false
ProjectManager.CompilerOptimize=6
PA11.Signal=GPIO_Output
PA14.Signal=SYS_JTCK-SWCLK
ProjectManager.HeapSize=0x200
Mcu.Pin15=PB12
NVIC.HardFault_IRQn=true\:0\:0\:false\:false\:true\:false\:false
Mcu.Pin16=PB13
Mcu.Pin13=PB10
Mcu.Pin14=PB11
PC6.GPIOParameters=GPIO_Label
Mcu.Pin19=PC6
ProjectManager.ComputerToolchain=false
Mcu.Pin17=PB14
Mcu.Pin18=PB15
NVIC.PriorityGroup=NVIC_PRIORITYGROUP_4
ADC1.NbrOfConversionFlag=1
Mcu.Pin11=PC5
Mcu.Pin12=PB0
PB8.Mode=CAN_Activate
Mcu.Pin10=PC4
PB7.Locked=true
PB8.Signal=CAN_RX
PC3.GPIO_Label=DIST_RST
PC8.Locked=true
PC9.Signal=GPIO_Output
RCC.APB1Freq_Value=32000000
ADC3.NbrOfConversionFlag=1
PB0.Signal=GPIO_Output
PA7.GPIOParameters=GPIO_Label
PB11.Locked=true
ProjectManager.DeviceId=STM32F103RCTx
PC1.Signal=GPIO_Output
PB12.GPIOParameters=GPIO_Label
PB12.Signal=GPIO_Input
ProjectManager.LibraryCopy=0
PA3.GPIO_Label=Asense
PA7.Signal=GPIO_Output
PA6.Locked=true
