#MicroXplorer Configuration settings - do not modify
ADC1.Channel-6\#ChannelRegularConversion=ADC_CHANNEL_0
ADC1.ContinuousConvMode=ENABLE
ADC1.EnableInjectedConversion=DISABLE
ADC1.EnableRegularConversion=ENABLE
ADC1.ExternalTrigConv=ADC_EXTERNALTRIGCONV_T1_CC3
ADC1.ExternalTrigInjecConv=ADC_EXTERNALTRIGINJECCONV_T2_CC1
ADC1.IPParameters=ContinuousConvMode,EnableInjectedConversion,InjNumberOfConversion,EnableRegularConversion,ExternalTrigInjecConv,Rank-6\#ChannelRegularConversion,Channel-6\#ChannelRegularConversion,SamplingTime-6\#ChannelRegularConversion,NbrOfConversionFlag,ExternalTrigConv,master
ADC1.InjNumberOfConversion=3
ADC1.NbrOfConversionFlag=1
ADC1.Rank-6\#ChannelRegularConversion=1
ADC1.SamplingTime-6\#ChannelRegularConversion=ADC_SAMPLETIME_1CYCLE_5
ADC1.master=1
ADC3.Channel-1\#ChannelRegularConversion=ADC_CHANNEL_1
ADC3.Channel-2\#ChannelRegularConversion=ADC_CHANNEL_2
ADC3.Channel-3\#ChannelRegularConversion=ADC_CHANNEL_3
ADC3.ContinuousConvMode=ENABLE
ADC3.ExternalTrigConv=ADC_EXTERNALTRIGCONV_T1_CC3
ADC3.IPParameters=Rank-1\#ChannelRegularConversion,Channel-1\#ChannelRegularConversion,SamplingTime-1\#ChannelRegularConversion,NbrOfConversionFlag,ContinuousConvMode,Rank-2\#ChannelRegularConversion,Channel-2\#ChannelRegularConversion,SamplingTime-2\#ChannelRegularConversion,NbrOfConversion,Rank-3\#ChannelRegularConversion,Channel-3\#ChannelRegularConversion,SamplingTime-3\#ChannelRegularConversion,ExternalTrigConv
ADC3.NbrOfConversion=3
ADC3.NbrOfConversionFlag=1
ADC3.Rank-1\#ChannelRegularConversion=1
ADC3.Rank-2\#ChannelRegularConversion=2
ADC3.Rank-3\#ChannelRegularConversion=3
ADC3.SamplingTime-1\#ChannelRegularConversion=ADC_SAMPLETIME_1CYCLE_5
ADC3.SamplingTime-2\#ChannelRegularConversion=ADC_SAMPLETIME_1CYCLE_5
ADC3.SamplingTime-3\#ChannelRegularConversion=ADC_SAMPLETIME_1CYCLE_5
CAN.BS1=CAN_BS1_12TQ
CAN.BS2=CAN_BS2_3TQ
CAN.CalculateBaudRate=31250
CAN.CalculateTimeBit=32000
CAN.CalculateTimeQuantum=2000.0
CAN.IPParameters=CalculateTimeQuantum,CalculateTimeBit,CalculateBaudRate,Prescaler,BS1,BS2
CAN.Prescaler=16
Dma.ADC1.0.Direction=DMA_PERIPH_TO_MEMORY
Dma.ADC1.0.Instance=DMA1_Channel1
Dma.ADC1.0.MemDataAlignment=DMA_MDATAALIGN_HALFWORD
Dma.ADC1.0.MemInc=DMA_MINC_ENABLE
Dma.ADC1.0.Mode=DMA_NORMAL
Dma.ADC1.0.PeriphDataAlignment=DMA_PDATAALIGN_WORD
Dma.ADC1.0.PeriphInc=DMA_PINC_DISABLE
Dma.ADC1.0.Priority=DMA_PRIORITY_LOW
Dma.ADC1.0.RequestParameters=Instance,Direction,PeriphInc,MemInc,PeriphDataAlignment,MemDataAlignment,Mode,Priority
Dma.ADC3.1.Direction=DMA_PERIPH_TO_MEMORY
Dma.ADC3.1.Instance=DMA2_Channel5
Dma.ADC3.1.MemDataAlignment=DMA_MDATAALIGN_HALFWORD
Dma.ADC3.1.MemInc=DMA_MINC_ENABLE
Dma.ADC3.1.Mode=DMA_CIRCULAR
Dma.ADC3.1.PeriphDataAlignment=DMA_PDATAALIGN_WORD
Dma.ADC3.1.PeriphInc=DMA_PINC_DISABLE
Dma.ADC3.1.Priority=DMA_PRIORITY_LOW
Dma.ADC3.1.RequestParameters=Instance,Direction,PeriphInc,MemInc,PeriphDataAlignment,MemDataAlignment,Mode,Priority
Dma.Request0=ADC1
Dma.Request1=ADC3
Dma.RequestsNb=2
File.Version=6
GPIO.groupedBy=Group By Peripherals
KeepUserPlacement=false
Mcu.CPN=STM32F103RCT6
Mcu.Family=STM32F1
Mcu.IP0=ADC1
Mcu.IP1=ADC3
Mcu.IP2=CAN
Mcu.IP3=DMA
Mcu.IP4=NVIC
Mcu.IP5=RCC
Mcu.IP6=SYS
Mcu.IP7=TIM1
Mcu.IPNb=8
Mcu.Name=STM32F103R(C-D-E)Tx
Mcu.Package=LQFP64
Mcu.Pin0=PC0
Mcu.Pin1=PC1
Mcu.Pin10=PA6
Mcu.Pin11=PA7
Mcu.Pin12=PC4
Mcu.Pin13=PC5
Mcu.Pin14=PB0
Mcu.Pin15=PB1
Mcu.Pin16=PB10
Mcu.Pin17=PB11
Mcu.Pin18=PB12
Mcu.Pin19=PB13
Mcu.Pin2=PC2
Mcu.Pin20=PB14
Mcu.Pin21=PB15
Mcu.Pin22=PC6
Mcu.Pin23=PC7
Mcu.Pin24=PC8
Mcu.Pin25=PC9
Mcu.Pin26=PA8
Mcu.Pin27=PA9
Mcu.Pin28=PA10
Mcu.Pin29=PA11
Mcu.Pin3=PC3
Mcu.Pin30=PA12
Mcu.Pin31=PA13
Mcu.Pin32=PA14
Mcu.Pin33=PC10
Mcu.Pin34=PC11
Mcu.Pin35=PB3
Mcu.Pin36=PB4
Mcu.Pin37=PB5
Mcu.Pin38=PB6
Mcu.Pin39=PB7
Mcu.Pin4=PA0-WKUP
Mcu.Pin40=PB8
Mcu.Pin41=PB9
Mcu.Pin42=VP_SYS_VS_Systick
Mcu.Pin5=PA1
Mcu.Pin6=PA2
Mcu.Pin7=PA3
Mcu.Pin8=PA4
Mcu.Pin9=PA5
Mcu.PinsNb=43
Mcu.ThirdPartyNb=0
Mcu.UserConstants=
Mcu.UserName=STM32F103RCTx
MxCube.Version=6.5.0
MxDb.Version=DB.6.0.50
NVIC.BusFault_IRQn=true\:0\:0\:false\:false\:true\:false\:false\:true
NVIC.DMA1_Channel1_IRQn=true\:0\:0\:false\:false\:true\:false\:true\:true
NVIC.DMA2_Channel4_5_IRQn=true\:0\:0\:false\:false\:true\:false\:true\:true
NVIC.DebugMonitor_IRQn=true\:0\:0\:false\:false\:true\:false\:false\:true
NVIC.ForceEnableDMAVector=true
NVIC.HardFault_IRQn=true\:0\:0\:false\:false\:true\:false\:false\:true
NVIC.MemoryManagement_IRQn=true\:0\:0\:false\:false\:true\:false\:false\:true
NVIC.NonMaskableInt_IRQn=true\:0\:0\:false\:false\:true\:false\:false\:true
NVIC.PendSV_IRQn=true\:0\:0\:false\:false\:true\:false\:false\:true
NVIC.PriorityGroup=NVIC_PRIORITYGROUP_4
NVIC.SVCall_IRQn=true\:0\:0\:false\:false\:true\:false\:false\:true
NVIC.SysTick_IRQn=true\:0\:0\:false\:false\:true\:false\:true\:true
NVIC.UsageFault_IRQn=true\:0\:0\:false\:false\:true\:false\:false\:true
PA0-WKUP.GPIOParameters=GPIO_Label
PA0-WKUP.GPIO_Label=OFFSET_REF_AM
PA0-WKUP.Locked=true
PA0-WKUP.Signal=ADCx_IN0
PA1.Locked=true
PA1.Signal=ADCx_IN1
PA10.Signal=S_TIM1_CH3
PA11.GPIOParameters=GPIO_Label
PA11.GPIO_Label=DCDC_NEG_CTRL
PA11.Locked=true
PA11.Signal=GPIO_Output
PA12.GPIOParameters=GPIO_Label
PA12.GPIO_Label=DCDC_POS_CTRL
PA12.Locked=true
PA12.Signal=GPIO_Output
PA13.GPIOParameters=GPIO_Label
PA13.GPIO_Label=SWDIO
PA13.Mode=Serial_Wire
PA13.Signal=SYS_JTMS-SWDIO
PA14.GPIOParameters=GPIO_Label
PA14.GPIO_Label=SWCLK
PA14.Locked=true
PA14.Mode=Serial_Wire
PA14.Signal=SYS_JTCK-SWCLK
PA2.GPIOParameters=GPIO_Label
PA2.GPIO_Label=Msense
PA2.Locked=true
PA2.Signal=ADCx_IN2
PA3.GPIOParameters=GPIO_Label
PA3.GPIO_Label=Asense
PA3.Locked=true
PA3.Signal=ADCx_IN3
PA4.GPIOParameters=GPIO_Label
PA4.GPIO_Label=LVS_CURR_SENSE
PA4.Locked=true
PA4.Signal=ADCx_IN4
PA5.GPIOParameters=GPIO_Label
PA5.GPIO_Label=SUPP_SENS
PA5.Locked=true
PA5.Signal=ADCx_IN5
PA6.GPIOParameters=GPIO_Label
PA6.GPIO_Label=ESTOP_3.3V_IN
PA6.Locked=true
PA6.Signal=GPIO_Input
PA7.GPIOParameters=GPIO_Label
PA7.GPIO_Label=OC_LATCH_SET
PA7.Locked=true
PA7.Signal=GPIO_Output
PA8.GPIOParameters=GPIO_Label
PA8.GPIO_Label=HLIM_CTRL
PA8.Locked=true
PA8.Signal=GPIO_Output
PA9.GPIOParameters=GPIO_Label
PA9.GPIO_Label=NEG_CTRL
PA9.Locked=true
PA9.Signal=GPIO_Output
PB0.GPIOParameters=GPIO_Label
PB0.GPIO_Label=FAN3_CTRL
PB0.Locked=true
PB0.Signal=GPIO_Output
PB1.GPIOParameters=GPIO_Label
PB1.GPIO_Label=GPIO_BMS
PB1.Locked=true
PB1.Signal=GPIO_Input
PB10.GPIOParameters=GPIO_Label
PB10.GPIO_Label=FAN2_CTRL
PB10.Locked=true
PB10.Signal=GPIO_Output
PB11.GPIOParameters=GPIO_Label
PB11.GPIO_Label=FAN1_CTRL
PB11.Locked=true
PB11.Signal=GPIO_Output
PB12.GPIOParameters=GPIO_Label
PB12.GPIO_Label=FLT_OUT
PB12.Locked=true
PB12.Signal=GPIO_Output
PB13.GPIOParameters=GPIO_Label
PB13.GPIO_Label=SUPP_LOW
PB13.Locked=true
PB13.Signal=GPIO_Output
PB14.GPIOParameters=GPIO_Label
PB14.GPIO_Label=FAN4_CTRL
PB14.Locked=true
PB14.Signal=GPIO_Output
PB15.GPIOParameters=GPIO_Label
PB15.GPIO_Label=MDUFAN_CTRL
PB15.Locked=true
PB15.Signal=GPIO_Output
PB3.GPIOParameters=GPIO_Label
PB3.GPIO_Label=LLIM_IN
PB3.Locked=true
PB3.Signal=GPIO_Input
PB4.GPIOParameters=GPIO_Label
PB4.GPIO_Label=FLT_BMS
PB4.Locked=true
PB4.Signal=GPIO_Input
PB5.GPIOParameters=GPIO_Label
PB5.GPIO_Label=COM_BMS
PB5.Locked=true
PB5.Signal=GPIO_Input
PB6.GPIOParameters=GPIO_Label
PB6.GPIO_Label=BAL_BMS
PB6.Locked=true
PB6.Signal=GPIO_Input
PB7.GPIOParameters=GPIO_Label
PB7.GPIO_Label=DASH_CTRL
PB7.Locked=true
PB7.Signal=GPIO_Output
PB8.Locked=true
PB8.Mode=CAN_Activate
PB8.Signal=CAN_RX
PB9.Locked=true
PB9.Mode=CAN_Activate
PB9.Signal=CAN_TX
PC0.GPIOParameters=GPIO_Label
PC0.GPIO_Label=OFFSET_REF_BATT
PC0.Locked=true
PC0.Signal=ADCx_IN10
PC1.GPIOParameters=GPIO_Label
PC1.GPIO_Label=SPAR1_CTRL
PC1.Locked=true
PC1.Signal=GPIO_Output
PC10.GPIOParameters=GPIO_Label
PC10.GPIO_Label=DIST_RST
PC10.Locked=true
PC10.Signal=GPIO_Output
PC11.GPIOParameters=GPIO_Label
PC11.GPIO_Label=LLIM_CTRL
PC11.Locked=true
PC11.Signal=GPIO_Output
PC2.GPIOParameters=GPIO_Label
PC2.GPIO_Label=AMB_CTRL
PC2.Locked=true
PC2.Signal=GPIO_Output
PC3.GPIOParameters=GPIO_Label
PC3.GPIO_Label=SPAR2_CTRL
PC3.Locked=true
PC3.Signal=GPIO_Output
PC4.GPIOParameters=GPIO_Label
PC4.GPIO_Label=ESTOP_CTRL
PC4.Locked=true
PC4.Signal=GPIO_Output
PC5.GPIOParameters=GPIO_Label
PC5.GPIO_Label=TELEM_CTRL
PC5.Locked=true
PC5.Signal=GPIO_Output
PC6.GPIOParameters=GPIO_Label
PC6.GPIO_Label=OT_OUT
PC6.Locked=true
PC6.Signal=GPIO_Output
PC7.GPIOParameters=GPIO_Label
PC7.GPIO_Label=SWAP_CTRL
PC7.Locked=true
PC7.Signal=GPIO_Output
PC8.GPIOParameters=GPIO_Label
PC8.GPIO_Label=HLIM_IN
PC8.Locked=true
PC8.Signal=GPIO_Input
PC9.GPIOParameters=GPIO_Label
PC9.GPIO_Label=PC_CTRL
PC9.Locked=true
PC9.Signal=GPIO_Output
PinOutPanel.RotationAngle=0
ProjectManager.AskForMigrate=true
ProjectManager.BackupPrevious=false
ProjectManager.CompilerOptimize=6
ProjectManager.ComputerToolchain=false
ProjectManager.CoupleFile=false
ProjectManager.CustomerFirmwarePackage=
ProjectManager.DefaultFWLocation=true
ProjectManager.DeletePrevious=true
ProjectManager.DeviceId=STM32F103RCTx
ProjectManager.FirmwarePackage=STM32Cube FW_F1 V1.8.4
ProjectManager.FreePins=false
ProjectManager.HalAssertFull=false
ProjectManager.HeapSize=0x200
ProjectManager.KeepUserCode=true
ProjectManager.LastFirmware=true
ProjectManager.LibraryCopy=1
ProjectManager.MainLocation=Core/Src
ProjectManager.NoMain=false
ProjectManager.PreviousToolchain=STM32CubeIDE
ProjectManager.ProjectBuild=false
ProjectManager.ProjectFileName=ecu_firmware.ioc
ProjectManager.ProjectName=ecu_firmware
ProjectManager.RegisterCallBack=
ProjectManager.StackSize=0x400
ProjectManager.TargetToolchain=STM32CubeIDE
ProjectManager.ToolChainLocation=
ProjectManager.UnderRoot=true
ProjectManager.functionlistsort=1-MX_GPIO_Init-GPIO-false-HAL-true,2-SystemClock_Config-RCC-false-HAL-false,3-MX_ADC1_Init-ADC1-false-HAL-true,4-MX_DMA_Init-DMA-false-HAL-true,5-MX_ADC3_Init-ADC3-false-HAL-true,6-MX_CAN_Init-CAN-false-HAL-true,7-MX_TIM1_Init-TIM1-false-HAL-true
RCC.ADCFreqValue=4000000
RCC.AHBFreq_Value=64000000
RCC.APB1CLKDivider=RCC_HCLK_DIV8
RCC.APB1Freq_Value=8000000
RCC.APB1TimFreq_Value=16000000
RCC.APB2CLKDivider=RCC_HCLK_DIV8
RCC.APB2Freq_Value=8000000
RCC.APB2TimFreq_Value=16000000
RCC.FCLKCortexFreq_Value=64000000
RCC.FamilyName=M
RCC.HCLKFreq_Value=64000000
RCC.I2S2Freq_Value=64000000
RCC.I2S3Freq_Value=64000000
RCC.IPParameters=ADCFreqValue,AHBFreq_Value,APB1CLKDivider,APB1Freq_Value,APB1TimFreq_Value,APB2CLKDivider,APB2Freq_Value,APB2TimFreq_Value,FCLKCortexFreq_Value,FamilyName,HCLKFreq_Value,I2S2Freq_Value,I2S3Freq_Value,MCOFreq_Value,PLLCLKFreq_Value,PLLMCOFreq_Value,PLLMUL,SDIOFreq_Value,SDIOHCLKDiv2FreqValue,SYSCLKFreq_VALUE,SYSCLKSource,TimSysFreq_Value,USBFreq_Value
RCC.MCOFreq_Value=64000000
RCC.PLLCLKFreq_Value=64000000
RCC.PLLMCOFreq_Value=32000000
RCC.PLLMUL=RCC_PLL_MUL16
RCC.SDIOFreq_Value=64000000
RCC.SDIOHCLKDiv2FreqValue=32000000
RCC.SYSCLKFreq_VALUE=64000000
RCC.SYSCLKSource=RCC_SYSCLKSOURCE_PLLCLK
RCC.TimSysFreq_Value=64000000
RCC.USBFreq_Value=64000000
SH.ADCx_IN0.0=ADC1_IN0,IN0
SH.ADCx_IN0.ConfNb=1
SH.ADCx_IN1.0=ADC3_IN1,IN1
SH.ADCx_IN1.1=ADC1_IN1
SH.ADCx_IN1.ConfNb=2
SH.ADCx_IN10.0=ADC1_IN10,IN10
SH.ADCx_IN10.ConfNb=1
SH.ADCx_IN2.0=ADC3_IN2,IN2
SH.ADCx_IN2.ConfNb=1
SH.ADCx_IN3.0=ADC3_IN3,IN3
SH.ADCx_IN3.ConfNb=1
SH.ADCx_IN4.0=ADC1_IN4,IN4
SH.ADCx_IN4.ConfNb=1
SH.ADCx_IN5.0=ADC1_IN5,IN5
SH.ADCx_IN5.ConfNb=1
SH.S_TIM1_CH3.0=TIM1_CH3,Output Compare3 CH3
SH.S_TIM1_CH3.ConfNb=1
TIM1.Channel-Output\ Compare3\ CH3=TIM_CHANNEL_3
TIM1.IPParameters=Channel-Output Compare3 CH3,Period,TIM_MasterOutputTrigger,OC3Preload
TIM1.OC3Preload=DISABLE
TIM1.Period=2000-1
TIM1.TIM_MasterOutputTrigger=TIM_TRGO_OC3REF
VP_SYS_VS_Systick.Mode=SysTick
VP_SYS_VS_Systick.Signal=SYS_VS_Systick
board=custom
